
Microsoft Visual Studio Solution File, Format Version 12.00
# Visual Studio Version 17
VisualStudioVersion = 17.1.32421.90
MinimumVisualStudioVersion = 10.0.40219.1
Project("{FAE04EC0-301F-11D3-BF4B-00C04F79EFBC}") = "HW6", "HW6\HW6.csproj", "{026F8B95-EFC2-49B1-A786-CC5F0119AF20}"
EndProject
Global
	GlobalSection(SolutionConfigurationPlatforms) = preSolution
		Debug|Any CPU = Debug|Any CPU
		Release|Any CPU = Release|Any CPU
	EndGlobalSection
	GlobalSection(ProjectConfigurationPlatforms) = postSolution
		{026F8B95-EFC2-49B1-A786-CC5F0119AF20}.Debug|Any CPU.ActiveCfg = Debug|Any CPU
		{026F8B95-EFC2-49B1-A786-CC5F0119AF20}.Debug|Any CPU.Build.0 = Debug|Any CPU
		{026F8B95-EFC2-49B1-A786-CC5F0119AF20}.Release|Any CPU.ActiveCfg = Release|Any CPU
		{026F8B95-EFC2-49B1-A786-CC5F0119AF20}.Release|Any CPU.Build.0 = Release|Any CPU
	EndGlobalSection
	GlobalSection(SolutionProperties) = preSolution
		HideSolutionNode = FALSE
	EndGlobalSection
	GlobalSection(ExtensibilityGlobals) = postSolution
		SolutionGuid = {30BCB682-41B1-4B7A-A3F2-8AA0871ED179}
	EndGlobalSection
EndGlobal
